{
  "version": "1.0.0",
  "test_dependencies": {
    "rocks": {
      "01a3c364614bddff7370223a5a9c4580f8e62d144384148444c518ec5367a59b": {
        "name": "mediator_lua",
        "version": "1.1.2-0",
        "pinned": false,
        "opt": false,
        "dependencies": [],
        "constraint": ">=1.1.1",
        "binaries": [],
        "source": "luarocks_rockspec+https://luarocks.org/",
        "source_url": {
          "type": "url",
          "url": "https://github.com/Olivine-Labs/mediator_lua/archive/v1.1.2-0.tar.gz"
        },
        "hashes": {
          "rockspec": "sha256-dR3r7+CqAPqTwK5jcZIgVSiemUiwIx0UMMIUEY/bPzs=",
          "source": "sha256-+vWFn9IIG+Tp5PuIc6LcZffv8/2T1t0U2mX44SP8/5s="
        }
      },
      "15675821089b1c22d127cbe4d7c9866b44cc50645d556266696e6f5422e0c76c": {
        "name": "dkjson",
        "version": "2.9-1",
        "pinned": false,
        "opt": false,
        "dependencies": [],
        "constraint": ">=2.1.0",
        "binaries": [],
        "source": "luarocks_rockspec+https://luarocks.org/",
        "source_url": {
          "type": "url",
          "url": "https://dkolf.de/dkjson-lua/dkjson-2.9.tar.gz"
        },
        "hashes": {
          "rockspec": "sha256-IMFQkwW7QeOumrEvXGOLyQAj0FKybLIogT70JpkVtds=",
          "source": "sha256-erfSjcG2vRW4qbF59riPsu5nrqY81A/Ruqg84q3+mmM="
        }
      },
      "287e827f4a088d41bba04af5f61a13614346c16fe8150eb7c4246e67d6fd163e": {
        "name": "lua-term",
        "version": "0.8-1",
        "pinned": false,
        "opt": false,
        "dependencies": [],
        "constraint": ">=0.1",
        "binaries": [],
        "source": "luarocks_rockspec+https://luarocks.org/",
        "source_url": {
          "type": "url",
          "url": "https://github.com/hoelzro/lua-term/archive/0.08.tar.gz"
        },
        "hashes": {
          "rockspec": "sha256-QB/befI0oJBIBdaM+a+zuQT8dTk0f+ZDLQxq1IekSJw=",
          "source": "sha256-j/lPOQ6p2YxzRpk3PKOwzlANZRsqscuNfSM2/Ft5ze0="
        }
      },
      "3b3d395f3fb9f72fec6e61ddca4f99228008e0fe4aa433b4823e9f50f4d93d84": {
        "name": "luafilesystem",
        "version": "1.8.0-1",
        "pinned": false,
        "opt": false,
        "dependencies": [],
        "constraint": "==1.8.0",
        "binaries": [],
        "source": "luarocks_rockspec+https://luarocks.org/",
        "source_url": {
          "type": "git",
          "url": "https://github.com/keplerproject/luafilesystem",
          "ref": "v1_8_0"
        },
        "hashes": {
          "rockspec": "sha256-ylWfvz35v68L9Sa92bQHDfFylaS7PEmZr62cBfRU06I=",
          "source": "sha256-pEA+Z1pkykWLTT6NHQ5lo8roOh2P0fiHtnK+byTkF5o="
        }
      },
      "455cd98d50c6191a9685cffcda4ce783efbb957934625e134c39f43bd5df6818": {
        "name": "luassert",
        "version": "1.9.0-1",
        "pinned": false,
        "opt": false,
        "dependencies": [
          "4e9592a499c9ced4f8ce366db9db7d9c0dd1424ea8d4c8c16c1550ea3a61a696",
          "4e9592a499c9ced4f8ce366db9db7d9c0dd1424ea8d4c8c16c1550ea3a61a696"
        ],
        "constraint": ">=1.9.0",
        "binaries": [],
        "source": "luarocks_rockspec+https://luarocks.org/",
        "source_url": {
          "type": "git",
          "url": "https://github.com/lunarmodules/luassert.git",
          "ref": "v1.9.0"
        },
        "hashes": {
          "rockspec": "sha256-rTPvF/GK/jMnH/q4wbwTCGBFELWh+JcvHeOCFAbIf64=",
          "source": "sha256-jjdB95Vr5iVsh5T7E84WwZMW6/5H2k2R/ny2VBs2l3I="
        }
      },
      "4e9592a499c9ced4f8ce366db9db7d9c0dd1424ea8d4c8c16c1550ea3a61a696": {
        "name": "say",
        "version": "1.4.1-3",
        "pinned": false,
        "opt": false,
        "dependencies": [],
        "constraint": ">=1.4.0",
        "binaries": [],
        "source": "luarocks_rockspec+https://luarocks.org/",
        "source_url": {
          "type": "git",
          "url": "https://github.com/lunarmodules/say.git",
          "ref": "v1.4.1"
        },
        "hashes": {
          "rockspec": "sha256-WFKt1iWeyjO9A8SG0KUX8tkS9JvMqoVM8CKBUguuK0Y=",
          "source": "sha256-IjNkK1leVtYgbEjUqguVMjbdW+0BHAOCE0pazrVuF50="
        }
      },
      "611b19eca413e8557258c177563402d31094cde79f82d340f5648d2ac8f3b8a1": {
        "name": "luafilesystem",
        "version": "1.9.0-1",
        "pinned": false,
        "opt": false,
        "dependencies": [],
        "constraint": null,
        "binaries": [],
        "source": "luarocks_rockspec+https://luarocks.org/",
        "source_url": {
          "type": "git",
          "url": "https://github.com/lunarmodules/luafilesystem",
          "ref": "v1_9_0"
        },
        "hashes": {
          "rockspec": "sha256-Mrv7QKI6EAY6jzMrh0VWAZIy5KAem82cDPtCIRji4ck=",
          "source": "sha256-xoNJra/yqxRG11TePcUKrAUU6cwypGnXIoLKZXNaoW0="
        }
      },
      "6ce29c2c535c40246c386c056f24689344cddb56ec397473931431e6b67694d2": {
        "name": "say",
        "version": "1.4.1-3",
        "pinned": false,
        "opt": false,
        "dependencies": [],
        "constraint": ">=1.4",
        "binaries": [],
        "source": "luarocks_rockspec+https://luarocks.org/",
        "source_url": {
          "type": "git",
          "url": "https://github.com/lunarmodules/say.git",
          "ref": "v1.4.1"
        },
        "hashes": {
          "rockspec": "sha256-WFKt1iWeyjO9A8SG0KUX8tkS9JvMqoVM8CKBUguuK0Y=",
          "source": "sha256-IjNkK1leVtYgbEjUqguVMjbdW+0BHAOCE0pazrVuF50="
        }
      },
      "8925c25e69bb2ef4a2007b536827894dfcca7c1ff54572256002997105acb847": {
        "name": "inspect",
        "version": "3.1.3-0",
        "pinned": false,
        "opt": false,
        "dependencies": [],
        "constraint": "==3.1.3",
        "binaries": [],
        "source": "luarocks_rockspec+https://luarocks.org/",
        "source_url": {
          "type": "url",
          "url": "https://github.com/kikito/inspect.lua/archive/v3.1.3.tar.gz"
        },
        "hashes": {
          "rockspec": "sha256-2sbysjYqvjgdqqkkSPw1GHUpN8deV8FUZeqCX6VYO8Y=",
          "source": "sha256-QzhqYT+ZFhhq9JGfNjkti42tjEQopfjIXrrICsunHus="
        }
      },
      "a6c5176043cb3de56336b7de119443dbb3d9e024be1d50e06289ad4b4959a2da": {
        "name": "lua_cliargs",
        "version": "3.0.2-1",
        "pinned": false,
        "opt": false,
        "dependencies": [],
        "constraint": "==3.0",
        "binaries": [
          "watch-tests.sh",
          "release",
          "lint",
          "docs",
          "coverage"
        ],
        "source": "luarocks_rockspec+https://luarocks.org/",
        "source_url": {
          "type": "git",
          "url": "https://github.com/lunarmodules/lua_cliargs.git",
          "ref": "v3.0.2"
        },
        "hashes": {
          "rockspec": "sha256-7qJVHj/KebRkOmK8pxNspNeuXIksdExjKrNhdWOy474=",
          "source": "sha256-wL3qBQ8Lu3q8DK2Kaeo1dgzIHd8evaxFYJg47CcQiSg="
        }
      },
      "c01bbd3c6e40fc95ea5966be4508aa2533b809cbadc91d5539a1666535a86cfd": {
        "name": "penlight",
        "version": "1.15.0-1",
        "pinned": false,
        "opt": false,
        "dependencies": [
          "611b19eca413e8557258c177563402d31094cde79f82d340f5648d2ac8f3b8a1",
          "611b19eca413e8557258c177563402d31094cde79f82d340f5648d2ac8f3b8a1"
        ],
        "constraint": ">=1.3.2",
        "binaries": [],
        "source": "luarocks_rockspec+https://luarocks.org/",
        "source_url": {
          "type": "git",
          "url": "https://github.com/lunarmodules/penlight.git",
          "ref": "1.15.0"
        },
        "hashes": {
          "rockspec": "sha256-blt3sqlz+76U8RAtPtfvEqw4+VACI90TFHn+fTcQlVQ=",
          "source": "sha256-yEkzr4v8avygFxp+NUvffg2fRxQJWTpRdIvluh/QBpY="
        }
      },
      "fa396ffe12257288dc0716c35d37ecff7c262c8b242e95906777055a08419940": {
        "name": "busted",
        "version": "2.2.0-1",
        "pinned": false,
        "opt": false,
        "dependencies": [
          "a6c5176043cb3de56336b7de119443dbb3d9e024be1d50e06289ad4b4959a2da",
          "fe607fc3a725b032acf5722632cf6993702c56ffa7c9f65e28f9d0324c17be34",
          "15675821089b1c22d127cbe4d7c9866b44cc50645d556266696e6f5422e0c76c",
          "6ce29c2c535c40246c386c056f24689344cddb56ec397473931431e6b67694d2",
          "455cd98d50c6191a9685cffcda4ce783efbb957934625e134c39f43bd5df6818",
          "287e827f4a088d41bba04af5f61a13614346c16fe8150eb7c4246e67d6fd163e",
          "c01bbd3c6e40fc95ea5966be4508aa2533b809cbadc91d5539a1666535a86cfd",
          "01a3c364614bddff7370223a5a9c4580f8e62d144384148444c518ec5367a59b",
          "a6c5176043cb3de56336b7de119443dbb3d9e024be1d50e06289ad4b4959a2da",
          "fe607fc3a725b032acf5722632cf6993702c56ffa7c9f65e28f9d0324c17be34",
          "15675821089b1c22d127cbe4d7c9866b44cc50645d556266696e6f5422e0c76c",
          "6ce29c2c535c40246c386c056f24689344cddb56ec397473931431e6b67694d2",
          "455cd98d50c6191a9685cffcda4ce783efbb957934625e134c39f43bd5df6818",
          "287e827f4a088d41bba04af5f61a13614346c16fe8150eb7c4246e67d6fd163e",
          "c01bbd3c6e40fc95ea5966be4508aa2533b809cbadc91d5539a1666535a86cfd",
          "01a3c364614bddff7370223a5a9c4580f8e62d144384148444c518ec5367a59b"
        ],
        "constraint": "==2.2.0",
        "binaries": [
          "busted",
          "busted"
        ],
        "source": "luarocks_rockspec+https://luarocks.org/",
        "source_url": {
          "type": "git",
          "url": "https://github.com/lunarmodules/busted.git",
          "ref": "v2.2.0"
        },
        "hashes": {
          "rockspec": "sha256-zj6KqOotJVv+BaqYLin0yifoNTVWvg3oeByQyiiZn0A=",
          "source": "sha256-5LxPqmoUwR3XaIToKUgap0L/sNS9uOV080MIenyLnl8="
        }
      },
      "fe607fc3a725b032acf5722632cf6993702c56ffa7c9f65e28f9d0324c17be34": {
        "name": "luasystem",
        "version": "0.7.1-1",
        "pinned": false,
        "opt": false,
        "dependencies": [],
        "constraint": ">=0.2.0",
        "binaries": [],
        "source": "luarocks_rockspec+https://luarocks.org/",
        "source_url": {
          "type": "git",
          "url": "https://github.com/lunarmodules/luasystem.git",
          "ref": "v0.7.1"
        },
        "hashes": {
          "rockspec": "sha256-n3pn+G32Jo5bHKswt1MwPB9KCBKfCz3pNRBLP/9UFoI=",
          "source": "sha256-HxOtwWyAYOxTQXm0KyJVvSNTxWOJnn4pnX0FFu4HYh4="
        }
      }
    },
    "entrypoints": [
      "3b3d395f3fb9f72fec6e61ddca4f99228008e0fe4aa433b4823e9f50f4d93d84",
      "3b3d395f3fb9f72fec6e61ddca4f99228008e0fe4aa433b4823e9f50f4d93d84",
      "8925c25e69bb2ef4a2007b536827894dfcca7c1ff54572256002997105acb847",
      "8925c25e69bb2ef4a2007b536827894dfcca7c1ff54572256002997105acb847",
      "fa396ffe12257288dc0716c35d37ecff7c262c8b242e95906777055a08419940",
      "fa396ffe12257288dc0716c35d37ecff7c262c8b242e95906777055a08419940"
    ]
  }
}